
Microsoft Visual Studio Solution File, Format Version 12.00
# Visual Studio Version 17
VisualStudioVersion = 17.4.33205.214
MinimumVisualStudioVersion = 10.0.40219.1
Project("{FAE04EC0-301F-11D3-BF4B-00C04F79EFBC}") = "ControleDeContatos", "ControleDeContatos\ControleDeContatos.csproj", "{3598B0AD-6D69-4276-9E8C-C0D34948452E}"
EndProject
Global
	GlobalSection(SolutionConfigurationPlatforms) = preSolution
		Debug|Any CPU = Debug|Any CPU
		Release|Any CPU = Release|Any CPU
	EndGlobalSection
	GlobalSection(ProjectConfigurationPlatforms) = postSolution
		{3598B0AD-6D69-4276-9E8C-C0D34948452E}.Debug|Any CPU.ActiveCfg = Debug|Any CPU
		{3598B0AD-6D69-4276-9E8C-C0D34948452E}.Debug|Any CPU.Build.0 = Debug|Any CPU
		{3598B0AD-6D69-4276-9E8C-C0D34948452E}.Release|Any CPU.ActiveCfg = Release|Any CPU
		{3598B0AD-6D69-4276-9E8C-C0D34948452E}.Release|Any CPU.Build.0 = Release|Any CPU
	EndGlobalSection
	GlobalSection(SolutionProperties) = preSolution
		HideSolutionNode = FALSE
	EndGlobalSection
	GlobalSection(ExtensibilityGlobals) = postSolution
		SolutionGuid = {39F984DD-2BD8-4149-A12C-5B8C97D32A0C}
	EndGlobalSection
EndGlobal
